
Microsoft Visual Studio Solution File, Format Version 12.00
# Visual Studio Version 17
VisualStudioVersion = 17.4.33213.308
MinimumVisualStudioVersion = 10.0.40219.1
Project("{FAE04EC0-301F-11D3-BF4B-00C04F79EFBC}") = "PigeonThapae_Window", "PigeonThapae_Window\PigeonThapae_Window.csproj", "{75D341FC-9AC4-435A-A9AC-E696545FEDC7}"
EndProject
Global
	GlobalSection(SolutionConfigurationPlatforms) = preSolution
		Debug|Any CPU = Debug|Any CPU
		Release|Any CPU = Release|Any CPU
	EndGlobalSection
	GlobalSection(ProjectConfigurationPlatforms) = postSolution
		{75D341FC-9AC4-435A-A9AC-E696545FEDC7}.Debug|Any CPU.ActiveCfg = Debug|Any CPU
		{75D341FC-9AC4-435A-A9AC-E696545FEDC7}.Debug|Any CPU.Build.0 = Debug|Any CPU
		{75D341FC-9AC4-435A-A9AC-E696545FEDC7}.Release|Any CPU.ActiveCfg = Release|Any CPU
		{75D341FC-9AC4-435A-A9AC-E696545FEDC7}.Release|Any CPU.Build.0 = Release|Any CPU
	EndGlobalSection
	GlobalSection(SolutionProperties) = preSolution
		HideSolutionNode = FALSE
	EndGlobalSection
	GlobalSection(ExtensibilityGlobals) = postSolution
		SolutionGuid = {0C9718C6-D7CB-46BB-9212-F35046306B1B}
	EndGlobalSection
EndGlobal
